// !$*UTF8*$!
{
	archiveVersion = 1;
	classes = {
	};
	objectVersion = 46;
	objects = {

/* Begin PBXBuildFile section */
		8C377EF81ED8DC9A005251A9 /* AppDelegate.swift in Sources */ = {isa = PBXBuildFile; fileRef = 8C377EF71ED8DC9A005251A9 /* AppDelegate.swift */; };
		8C377EFA1ED8DC9A005251A9 /* ViewController.swift in Sources */ = {isa = PBXBuildFile; fileRef = 8C377EF91ED8DC9A005251A9 /* ViewController.swift */; };
		8C377EFD1ED8DC9A005251A9 /* Main.storyboard in Resources */ = {isa = PBXBuildFile; fileRef = 8C377EFB1ED8DC9A005251A9 /* Main.storyboard */; };
		8C377EFF1ED8DC9A005251A9 /* Assets.xcassets in Resources */ = {isa = PBXBuildFile; fileRef = 8C377EFE1ED8DC9A005251A9 /* Assets.xcassets */; };
		8C377F021ED8DC9A005251A9 /* LaunchScreen.storyboard in Resources */ = {isa = PBXBuildFile; fileRef = 8C377F001ED8DC9A005251A9 /* LaunchScreen.storyboard */; };
		8C377F0D1ED8DC9A005251A9 /* CoJamTests.swift in Sources */ = {isa = PBXBuildFile; fileRef = 8C377F0C1ED8DC9A005251A9 /* CoJamTests.swift */; };
		8C377F181ED8DC9A005251A9 /* CoJamUITests.swift in Sources */ = {isa = PBXBuildFile; fileRef = 8C377F171ED8DC9A005251A9 /* CoJamUITests.swift */; };
		8C377F2B1ED8DE53005251A9 /* AudioProcessor.m in Sources */ = {isa = PBXBuildFile; fileRef = 8C377F281ED8DE53005251A9 /* AudioProcessor.m */; };
		8C377F2C1ED8DE53005251A9 /* TPCircularBuffer.c in Sources */ = {isa = PBXBuildFile; fileRef = 8C377F291ED8DE53005251A9 /* TPCircularBuffer.c */; };
		8C6EB6721EE4D38A00A0910D /* NotificationCenter.framework in Frameworks */ = {isa = PBXBuildFile; fileRef = 8C6EB6711EE4D38A00A0910D /* NotificationCenter.framework */; };
		8C6EB6751EE4D38A00A0910D /* TodayViewController.swift in Sources */ = {isa = PBXBuildFile; fileRef = 8C6EB6741EE4D38A00A0910D /* TodayViewController.swift */; };
		8C6EB6781EE4D38A00A0910D /* MainInterface.storyboard in Resources */ = {isa = PBXBuildFile; fileRef = 8C6EB6761EE4D38A00A0910D /* MainInterface.storyboard */; };
		8C6EB67C1EE4D38A00A0910D /* CoJamWidget.appex in Embed App Extensions */ = {isa = PBXBuildFile; fileRef = 8C6EB66F1EE4D38A00A0910D /* CoJamWidget.appex */; settings = {ATTRIBUTES = (RemoveHeadersOnCopy, ); }; };
		8CB7D28C1EE4ED7900F55896 /* AudioProcessor.m in Sources */ = {isa = PBXBuildFile; fileRef = 8CB7D2881EE4ED7900F55896 /* AudioProcessor.m */; };
		8CB7D28D1EE4ED7900F55896 /* TPCircularBuffer.c in Sources */ = {isa = PBXBuildFile; fileRef = 8CB7D28A1EE4ED7900F55896 /* TPCircularBuffer.c */; };
/* End PBXBuildFile section */

/* Begin PBXContainerItemProxy section */
		8C377F091ED8DC9A005251A9 /* PBXContainerItemProxy */ = {
			isa = PBXContainerItemProxy;
			containerPortal = 8C377EEC1ED8DC9A005251A9 /* Project object */;
			proxyType = 1;
			remoteGlobalIDString = 8C377EF31ED8DC9A005251A9;
			remoteInfo = CoJam;
		};
		8C377F141ED8DC9A005251A9 /* PBXContainerItemProxy */ = {
			isa = PBXContainerItemProxy;
			containerPortal = 8C377EEC1ED8DC9A005251A9 /* Project object */;
			proxyType = 1;
			remoteGlobalIDString = 8C377EF31ED8DC9A005251A9;
			remoteInfo = CoJam;
		};
		8C6EB67A1EE4D38A00A0910D /* PBXContainerItemProxy */ = {
			isa = PBXContainerItemProxy;
			containerPortal = 8C377EEC1ED8DC9A005251A9 /* Project object */;
			proxyType = 1;
			remoteGlobalIDString = 8C6EB66E1EE4D38A00A0910D;
			remoteInfo = CoJamWidget;
		};
/* End PBXContainerItemProxy section */

/* Begin PBXCopyFilesBuildPhase section */
		8C6EB6801EE4D38A00A0910D /* Embed App Extensions */ = {
			isa = PBXCopyFilesBuildPhase;
			buildActionMask = 2147483647;
			dstPath = "";
			dstSubfolderSpec = 13;
			files = (
				8C6EB67C1EE4D38A00A0910D /* CoJamWidget.appex in Embed App Extensions */,
			);
			name = "Embed App Extensions";
			runOnlyForDeploymentPostprocessing = 0;
		};
/* End PBXCopyFilesBuildPhase section */

/* Begin PBXFileReference section */
		8C377EF41ED8DC9A005251A9 /* CoJam.app */ = {isa = PBXFileReference; explicitFileType = wrapper.application; includeInIndex = 0; path = CoJam.app; sourceTree = BUILT_PRODUCTS_DIR; };
		8C377EF71ED8DC9A005251A9 /* AppDelegate.swift */ = {isa = PBXFileReference; lastKnownFileType = sourcecode.swift; path = AppDelegate.swift; sourceTree = "<group>"; };
		8C377EF91ED8DC9A005251A9 /* ViewController.swift */ = {isa = PBXFileReference; lastKnownFileType = sourcecode.swift; path = ViewController.swift; sourceTree = "<group>"; };
		8C377EFC1ED8DC9A005251A9 /* Base */ = {isa = PBXFileReference; lastKnownFileType = file.storyboard; name = Base; path = Base.lproj/Main.storyboard; sourceTree = "<group>"; };
		8C377EFE1ED8DC9A005251A9 /* Assets.xcassets */ = {isa = PBXFileReference; lastKnownFileType = folder.assetcatalog; path = Assets.xcassets; sourceTree = "<group>"; };
		8C377F011ED8DC9A005251A9 /* Base */ = {isa = PBXFileReference; lastKnownFileType = file.storyboard; name = Base; path = Base.lproj/LaunchScreen.storyboard; sourceTree = "<group>"; };
		8C377F031ED8DC9A005251A9 /* Info.plist */ = {isa = PBXFileReference; lastKnownFileType = text.plist.xml; path = Info.plist; sourceTree = "<group>"; };
		8C377F081ED8DC9A005251A9 /* CoJamTests.xctest */ = {isa = PBXFileReference; explicitFileType = wrapper.cfbundle; includeInIndex = 0; path = CoJamTests.xctest; sourceTree = BUILT_PRODUCTS_DIR; };
		8C377F0C1ED8DC9A005251A9 /* CoJamTests.swift */ = {isa = PBXFileReference; lastKnownFileType = sourcecode.swift; path = CoJamTests.swift; sourceTree = "<group>"; };
		8C377F0E1ED8DC9A005251A9 /* Info.plist */ = {isa = PBXFileReference; lastKnownFileType = text.plist.xml; path = Info.plist; sourceTree = "<group>"; };
		8C377F131ED8DC9A005251A9 /* CoJamUITests.xctest */ = {isa = PBXFileReference; explicitFileType = wrapper.cfbundle; includeInIndex = 0; path = CoJamUITests.xctest; sourceTree = BUILT_PRODUCTS_DIR; };
		8C377F171ED8DC9A005251A9 /* CoJamUITests.swift */ = {isa = PBXFileReference; lastKnownFileType = sourcecode.swift; path = CoJamUITests.swift; sourceTree = "<group>"; };
		8C377F191ED8DC9A005251A9 /* Info.plist */ = {isa = PBXFileReference; lastKnownFileType = text.plist.xml; path = Info.plist; sourceTree = "<group>"; };
		8C377F261ED8DE52005251A9 /* CoJam-Bridging-Header.h */ = {isa = PBXFileReference; lastKnownFileType = sourcecode.c.h; path = "CoJam-Bridging-Header.h"; sourceTree = "<group>"; };
		8C377F271ED8DE53005251A9 /* AudioProcessor.h */ = {isa = PBXFileReference; fileEncoding = 4; lastKnownFileType = sourcecode.c.h; path = AudioProcessor.h; sourceTree = "<group>"; };
		8C377F281ED8DE53005251A9 /* AudioProcessor.m */ = {isa = PBXFileReference; fileEncoding = 4; lastKnownFileType = sourcecode.c.objc; path = AudioProcessor.m; sourceTree = "<group>"; };
		8C377F291ED8DE53005251A9 /* TPCircularBuffer.c */ = {isa = PBXFileReference; fileEncoding = 4; lastKnownFileType = sourcecode.c.c; path = TPCircularBuffer.c; sourceTree = "<group>"; };
		8C377F2A1ED8DE53005251A9 /* TPCircularBuffer.h */ = {isa = PBXFileReference; fileEncoding = 4; lastKnownFileType = sourcecode.c.h; path = TPCircularBuffer.h; sourceTree = "<group>"; };
		8C6EB66F1EE4D38A00A0910D /* CoJamWidget.appex */ = {isa = PBXFileReference; explicitFileType = "wrapper.app-extension"; includeInIndex = 0; path = CoJamWidget.appex; sourceTree = BUILT_PRODUCTS_DIR; };
		8C6EB6711EE4D38A00A0910D /* NotificationCenter.framework */ = {isa = PBXFileReference; lastKnownFileType = wrapper.framework; name = NotificationCenter.framework; path = System/Library/Frameworks/NotificationCenter.framework; sourceTree = SDKROOT; };
		8C6EB6741EE4D38A00A0910D /* TodayViewController.swift */ = {isa = PBXFileReference; lastKnownFileType = sourcecode.swift; name = TodayViewController.swift; path = CoJamWidget/TodayViewController.swift; sourceTree = SOURCE_ROOT; };
		8C6EB6771EE4D38A00A0910D /* Base */ = {isa = PBXFileReference; lastKnownFileType = file.storyboard; name = Base; path = Base.lproj/MainInterface.storyboard; sourceTree = "<group>"; };
		8C6EB6791EE4D38A00A0910D /* Info.plist */ = {isa = PBXFileReference; lastKnownFileType = text.plist.xml; path = Info.plist; sourceTree = "<group>"; };
		8CB7D2881EE4ED7900F55896 /* AudioProcessor.m */ = {isa = PBXFileReference; fileEncoding = 4; lastKnownFileType = sourcecode.c.objc; path = AudioProcessor.m; sourceTree = "<group>"; };
		8CB7D2891EE4ED7900F55896 /* TPCircularBuffer.h */ = {isa = PBXFileReference; fileEncoding = 4; lastKnownFileType = sourcecode.c.h; path = TPCircularBuffer.h; sourceTree = "<group>"; };
		8CB7D28A1EE4ED7900F55896 /* TPCircularBuffer.c */ = {isa = PBXFileReference; fileEncoding = 4; lastKnownFileType = sourcecode.c.c; path = TPCircularBuffer.c; sourceTree = "<group>"; };
		8CB7D28B1EE4ED7900F55896 /* AudioProcessor.h */ = {isa = PBXFileReference; fileEncoding = 4; lastKnownFileType = sourcecode.c.h; path = AudioProcessor.h; sourceTree = "<group>"; };
		8CB7D28E1EE4EDCD00F55896 /* CoJamWidget-Bridging-Header.h */ = {isa = PBXFileReference; fileEncoding = 4; lastKnownFileType = sourcecode.c.h; path = "CoJamWidget-Bridging-Header.h"; sourceTree = "<group>"; };
/* End PBXFileReference section */

/* Begin PBXFrameworksBuildPhase section */
		8C377EF11ED8DC9A005251A9 /* Frameworks */ = {
			isa = PBXFrameworksBuildPhase;
			buildActionMask = 2147483647;
			files = (
			);
			runOnlyForDeploymentPostprocessing = 0;
		};
		8C377F051ED8DC9A005251A9 /* Frameworks */ = {
			isa = PBXFrameworksBuildPhase;
			buildActionMask = 2147483647;
			files = (
			);
			runOnlyForDeploymentPostprocessing = 0;
		};
		8C377F101ED8DC9A005251A9 /* Frameworks */ = {
			isa = PBXFrameworksBuildPhase;
			buildActionMask = 2147483647;
			files = (
			);
			runOnlyForDeploymentPostprocessing = 0;
		};
		8C6EB66C1EE4D38A00A0910D /* Frameworks */ = {
			isa = PBXFrameworksBuildPhase;
			buildActionMask = 2147483647;
			files = (
				8C6EB6721EE4D38A00A0910D /* NotificationCenter.framework in Frameworks */,
			);
			runOnlyForDeploymentPostprocessing = 0;
		};
/* End PBXFrameworksBuildPhase section */

/* Begin PBXGroup section */
		8C377EEB1ED8DC9A005251A9 = {
			isa = PBXGroup;
			children = (
				8C377EF61ED8DC9A005251A9 /* CoJam */,
				8C6EB6731EE4D38A00A0910D /* CoJamWidget */,
				8C377F0B1ED8DC9A005251A9 /* CoJamTests */,
				8C377F161ED8DC9A005251A9 /* CoJamUITests */,
				8C6EB6701EE4D38A00A0910D /* Frameworks */,
				8C377EF51ED8DC9A005251A9 /* Products */,
			);
			sourceTree = "<group>";
		};
		8C377EF51ED8DC9A005251A9 /* Products */ = {
			isa = PBXGroup;
			children = (
				8C377EF41ED8DC9A005251A9 /* CoJam.app */,
				8C377F081ED8DC9A005251A9 /* CoJamTests.xctest */,
				8C377F131ED8DC9A005251A9 /* CoJamUITests.xctest */,
				8C6EB66F1EE4D38A00A0910D /* CoJamWidget.appex */,
			);
			name = Products;
			sourceTree = "<group>";
		};
		8C377EF61ED8DC9A005251A9 /* CoJam */ = {
			isa = PBXGroup;
			children = (
				8C377F251ED8DE35005251A9 /* LowLevelAudio */,
				8C377EF71ED8DC9A005251A9 /* AppDelegate.swift */,
				8C377EF91ED8DC9A005251A9 /* ViewController.swift */,
				8C377EFB1ED8DC9A005251A9 /* Main.storyboard */,
				8C377EFE1ED8DC9A005251A9 /* Assets.xcassets */,
				8C377F001ED8DC9A005251A9 /* LaunchScreen.storyboard */,
				8C377F031ED8DC9A005251A9 /* Info.plist */,
			);
			path = CoJam;
			sourceTree = "<group>";
		};
		8C377F0B1ED8DC9A005251A9 /* CoJamTests */ = {
			isa = PBXGroup;
			children = (
				8C377F0C1ED8DC9A005251A9 /* CoJamTests.swift */,
				8C377F0E1ED8DC9A005251A9 /* Info.plist */,
			);
			path = CoJamTests;
			sourceTree = "<group>";
		};
		8C377F161ED8DC9A005251A9 /* CoJamUITests */ = {
			isa = PBXGroup;
			children = (
				8C377F171ED8DC9A005251A9 /* CoJamUITests.swift */,
				8C377F191ED8DC9A005251A9 /* Info.plist */,
			);
			path = CoJamUITests;
			sourceTree = "<group>";
		};
		8C377F251ED8DE35005251A9 /* LowLevelAudio */ = {
			isa = PBXGroup;
			children = (
				8C377F271ED8DE53005251A9 /* AudioProcessor.h */,
				8C377F281ED8DE53005251A9 /* AudioProcessor.m */,
				8C377F291ED8DE53005251A9 /* TPCircularBuffer.c */,
				8C377F2A1ED8DE53005251A9 /* TPCircularBuffer.h */,
				8C377F261ED8DE52005251A9 /* CoJam-Bridging-Header.h */,
			);
			name = LowLevelAudio;
			sourceTree = "<group>";
		};
		8C6EB6701EE4D38A00A0910D /* Frameworks */ = {
			isa = PBXGroup;
			children = (
				8C6EB6711EE4D38A00A0910D /* NotificationCenter.framework */,
			);
			name = Frameworks;
			sourceTree = "<group>";
		};
		8C6EB6731EE4D38A00A0910D /* CoJamWidget */ = {
			isa = PBXGroup;
			children = (
				8CB7D2881EE4ED7900F55896 /* AudioProcessor.m */,
				8CB7D2891EE4ED7900F55896 /* TPCircularBuffer.h */,
				8CB7D28A1EE4ED7900F55896 /* TPCircularBuffer.c */,
				8CB7D28B1EE4ED7900F55896 /* AudioProcessor.h */,
				8CB7D28E1EE4EDCD00F55896 /* CoJamWidget-Bridging-Header.h */,
				8C6EB6741EE4D38A00A0910D /* TodayViewController.swift */,
				8C6EB6761EE4D38A00A0910D /* MainInterface.storyboard */,
				8C6EB6791EE4D38A00A0910D /* Info.plist */,
			);
			path = CoJamWidget;
			sourceTree = SOURCE_ROOT;
		};
/* End PBXGroup section */

/* Begin PBXNativeTarget section */
		8C377EF31ED8DC9A005251A9 /* CoJam */ = {
			isa = PBXNativeTarget;
			buildConfigurationList = 8C377F1C1ED8DC9A005251A9 /* Build configuration list for PBXNativeTarget "CoJam" */;
			buildPhases = (
				8C377EF01ED8DC9A005251A9 /* Sources */,
				8C377EF11ED8DC9A005251A9 /* Frameworks */,
				8C377EF21ED8DC9A005251A9 /* Resources */,
				8C6EB6801EE4D38A00A0910D /* Embed App Extensions */,
			);
			buildRules = (
			);
			dependencies = (
				8C6EB67B1EE4D38A00A0910D /* PBXTargetDependency */,
			);
			name = CoJam;
			productName = CoJam;
			productReference = 8C377EF41ED8DC9A005251A9 /* CoJam.app */;
			productType = "com.apple.product-type.application";
		};
		8C377F071ED8DC9A005251A9 /* CoJamTests */ = {
			isa = PBXNativeTarget;
			buildConfigurationList = 8C377F1F1ED8DC9A005251A9 /* Build configuration list for PBXNativeTarget "CoJamTests" */;
			buildPhases = (
				8C377F041ED8DC9A005251A9 /* Sources */,
				8C377F051ED8DC9A005251A9 /* Frameworks */,
				8C377F061ED8DC9A005251A9 /* Resources */,
			);
			buildRules = (
			);
			dependencies = (
				8C377F0A1ED8DC9A005251A9 /* PBXTargetDependency */,
			);
			name = CoJamTests;
			productName = CoJamTests;
			productReference = 8C377F081ED8DC9A005251A9 /* CoJamTests.xctest */;
			productType = "com.apple.product-type.bundle.unit-test";
		};
		8C377F121ED8DC9A005251A9 /* CoJamUITests */ = {
			isa = PBXNativeTarget;
			buildConfigurationList = 8C377F221ED8DC9A005251A9 /* Build configuration list for PBXNativeTarget "CoJamUITests" */;
			buildPhases = (
				8C377F0F1ED8DC9A005251A9 /* Sources */,
				8C377F101ED8DC9A005251A9 /* Frameworks */,
				8C377F111ED8DC9A005251A9 /* Resources */,
			);
			buildRules = (
			);
			dependencies = (
				8C377F151ED8DC9A005251A9 /* PBXTargetDependency */,
			);
			name = CoJamUITests;
			productName = CoJamUITests;
			productReference = 8C377F131ED8DC9A005251A9 /* CoJamUITests.xctest */;
			productType = "com.apple.product-type.bundle.ui-testing";
		};
		8C6EB66E1EE4D38A00A0910D /* CoJamWidget */ = {
			isa = PBXNativeTarget;
			buildConfigurationList = 8C6EB67F1EE4D38A00A0910D /* Build configuration list for PBXNativeTarget "CoJamWidget" */;
			buildPhases = (
				8C6EB66B1EE4D38A00A0910D /* Sources */,
				8C6EB66C1EE4D38A00A0910D /* Frameworks */,
				8C6EB66D1EE4D38A00A0910D /* Resources */,
			);
			buildRules = (
			);
			dependencies = (
			);
			name = CoJamWidget;
			productName = CoJamWidget;
			productReference = 8C6EB66F1EE4D38A00A0910D /* CoJamWidget.appex */;
			productType = "com.apple.product-type.app-extension";
		};
/* End PBXNativeTarget section */

/* Begin PBXProject section */
		8C377EEC1ED8DC9A005251A9 /* Project object */ = {
			isa = PBXProject;
			attributes = {
				LastSwiftUpdateCheck = 0830;
				LastUpgradeCheck = 0830;
				ORGANIZATIONNAME = Audesis;
				TargetAttributes = {
					8C377EF31ED8DC9A005251A9 = {
						CreatedOnToolsVersion = 8.3.2;
						DevelopmentTeam = Q6BCWKCPY5;
						LastSwiftMigration = 0830;
						ProvisioningStyle = Automatic;
					};
					8C377F071ED8DC9A005251A9 = {
						CreatedOnToolsVersion = 8.3.2;
						DevelopmentTeam = 2WJ6DV6889;
						ProvisioningStyle = Automatic;
						TestTargetID = 8C377EF31ED8DC9A005251A9;
					};
					8C377F121ED8DC9A005251A9 = {
						CreatedOnToolsVersion = 8.3.2;
						DevelopmentTeam = 2WJ6DV6889;
						ProvisioningStyle = Automatic;
						TestTargetID = 8C377EF31ED8DC9A005251A9;
					};
					8C6EB66E1EE4D38A00A0910D = {
						CreatedOnToolsVersion = 8.3.2;
						DevelopmentTeam = Q6BCWKCPY5;
						LastSwiftMigration = 0830;
						ProvisioningStyle = Automatic;
					};
				};
			};
			buildConfigurationList = 8C377EEF1ED8DC9A005251A9 /* Build configuration list for PBXProject "CoJam" */;
			compatibilityVersion = "Xcode 3.2";
			developmentRegion = English;
			hasScannedForEncodings = 0;
			knownRegions = (
				en,
				Base,
			);
			mainGroup = 8C377EEB1ED8DC9A005251A9;
			productRefGroup = 8C377EF51ED8DC9A005251A9 /* Products */;
			projectDirPath = "";
			projectRoot = "";
			targets = (
				8C377EF31ED8DC9A005251A9 /* CoJam */,
				8C377F071ED8DC9A005251A9 /* CoJamTests */,
				8C377F121ED8DC9A005251A9 /* CoJamUITests */,
				8C6EB66E1EE4D38A00A0910D /* CoJamWidget */,
			);
		};
/* End PBXProject section */

/* Begin PBXResourcesBuildPhase section */
		8C377EF21ED8DC9A005251A9 /* Resources */ = {
			isa = PBXResourcesBuildPhase;
			buildActionMask = 2147483647;
			files = (
				8C377F021ED8DC9A005251A9 /* LaunchScreen.storyboard in Resources */,
				8C377EFF1ED8DC9A005251A9 /* Assets.xcassets in Resources */,
				8C377EFD1ED8DC9A005251A9 /* Main.storyboard in Resources */,
			);
			runOnlyForDeploymentPostprocessing = 0;
		};
		8C377F061ED8DC9A005251A9 /* Resources */ = {
			isa = PBXResourcesBuildPhase;
			buildActionMask = 2147483647;
			files = (
			);
			runOnlyForDeploymentPostprocessing = 0;
		};
		8C377F111ED8DC9A005251A9 /* Resources */ = {
			isa = PBXResourcesBuildPhase;
			buildActionMask = 2147483647;
			files = (
			);
			runOnlyForDeploymentPostprocessing = 0;
		};
		8C6EB66D1EE4D38A00A0910D /* Resources */ = {
			isa = PBXResourcesBuildPhase;
			buildActionMask = 2147483647;
			files = (
				8C6EB6781EE4D38A00A0910D /* MainInterface.storyboard in Resources */,
			);
			runOnlyForDeploymentPostprocessing = 0;
		};
/* End PBXResourcesBuildPhase section */

/* Begin PBXSourcesBuildPhase section */
		8C377EF01ED8DC9A005251A9 /* Sources */ = {
			isa = PBXSourcesBuildPhase;
			buildActionMask = 2147483647;
			files = (
				8C377F2B1ED8DE53005251A9 /* AudioProcessor.m in Sources */,
				8C377EFA1ED8DC9A005251A9 /* ViewController.swift in Sources */,
				8C377F2C1ED8DE53005251A9 /* TPCircularBuffer.c in Sources */,
				8C377EF81ED8DC9A005251A9 /* AppDelegate.swift in Sources */,
			);
			runOnlyForDeploymentPostprocessing = 0;
		};
		8C377F041ED8DC9A005251A9 /* Sources */ = {
			isa = PBXSourcesBuildPhase;
			buildActionMask = 2147483647;
			files = (
				8C377F0D1ED8DC9A005251A9 /* CoJamTests.swift in Sources */,
			);
			runOnlyForDeploymentPostprocessing = 0;
		};
		8C377F0F1ED8DC9A005251A9 /* Sources */ = {
			isa = PBXSourcesBuildPhase;
			buildActionMask = 2147483647;
			files = (
				8C377F181ED8DC9A005251A9 /* CoJamUITests.swift in Sources */,
			);
			runOnlyForDeploymentPostprocessing = 0;
		};
		8C6EB66B1EE4D38A00A0910D /* Sources */ = {
			isa = PBXSourcesBuildPhase;
			buildActionMask = 2147483647;
			files = (
				8CB7D28D1EE4ED7900F55896 /* TPCircularBuffer.c in Sources */,
				8C6EB6751EE4D38A00A0910D /* TodayViewController.swift in Sources */,
				8CB7D28C1EE4ED7900F55896 /* AudioProcessor.m in Sources */,
			);
			runOnlyForDeploymentPostprocessing = 0;
		};
/* End PBXSourcesBuildPhase section */

/* Begin PBXTargetDependency section */
		8C377F0A1ED8DC9A005251A9 /* PBXTargetDependency */ = {
			isa = PBXTargetDependency;
			target = 8C377EF31ED8DC9A005251A9 /* CoJam */;
			targetProxy = 8C377F091ED8DC9A005251A9 /* PBXContainerItemProxy */;
		};
		8C377F151ED8DC9A005251A9 /* PBXTargetDependency */ = {
			isa = PBXTargetDependency;
			target = 8C377EF31ED8DC9A005251A9 /* CoJam */;
			targetProxy = 8C377F141ED8DC9A005251A9 /* PBXContainerItemProxy */;
		};
		8C6EB67B1EE4D38A00A0910D /* PBXTargetDependency */ = {
			isa = PBXTargetDependency;
			target = 8C6EB66E1EE4D38A00A0910D /* CoJamWidget */;
			targetProxy = 8C6EB67A1EE4D38A00A0910D /* PBXContainerItemProxy */;
		};
/* End PBXTargetDependency section */

/* Begin PBXVariantGroup section */
		8C377EFB1ED8DC9A005251A9 /* Main.storyboard */ = {
			isa = PBXVariantGroup;
			children = (
				8C377EFC1ED8DC9A005251A9 /* Base */,
			);
			name = Main.storyboard;
			sourceTree = "<group>";
		};
		8C377F001ED8DC9A005251A9 /* LaunchScreen.storyboard */ = {
			isa = PBXVariantGroup;
			children = (
				8C377F011ED8DC9A005251A9 /* Base */,
			);
			name = LaunchScreen.storyboard;
			sourceTree = "<group>";
		};
		8C6EB6761EE4D38A00A0910D /* MainInterface.storyboard */ = {
			isa = PBXVariantGroup;
			children = (
				8C6EB6771EE4D38A00A0910D /* Base */,
			);
			name = MainInterface.storyboard;
			sourceTree = "<group>";
		};
/* End PBXVariantGroup section */

/* Begin XCBuildConfiguration section */
		8C377F1A1ED8DC9A005251A9 /* Debug */ = {
			isa = XCBuildConfiguration;
			buildSettings = {
				ALWAYS_SEARCH_USER_PATHS = NO;
				CLANG_ANALYZER_NONNULL = YES;
				CLANG_ANALYZER_NUMBER_OBJECT_CONVERSION = YES_AGGRESSIVE;
				CLANG_CXX_LANGUAGE_STANDARD = "gnu++0x";
				CLANG_CXX_LIBRARY = "libc++";
				CLANG_ENABLE_MODULES = YES;
				CLANG_ENABLE_OBJC_ARC = YES;
				CLANG_WARN_BOOL_CONVERSION = YES;
				CLANG_WARN_CONSTANT_CONVERSION = YES;
				CLANG_WARN_DIRECT_OBJC_ISA_USAGE = YES_ERROR;
				CLANG_WARN_DOCUMENTATION_COMMENTS = YES;
				CLANG_WARN_EMPTY_BODY = YES;
				CLANG_WARN_ENUM_CONVERSION = YES;
				CLANG_WARN_INFINITE_RECURSION = YES;
				CLANG_WARN_INT_CONVERSION = YES;
				CLANG_WARN_OBJC_ROOT_CLASS = YES_ERROR;
				CLANG_WARN_SUSPICIOUS_MOVE = YES;
				CLANG_WARN_UNREACHABLE_CODE = YES;
				CLANG_WARN__DUPLICATE_METHOD_MATCH = YES;
				"CODE_SIGN_IDENTITY[sdk=iphoneos*]" = "iPhone Developer";
				COPY_PHASE_STRIP = NO;
				DEBUG_INFORMATION_FORMAT = dwarf;
				ENABLE_STRICT_OBJC_MSGSEND = YES;
				ENABLE_TESTABILITY = YES;
				GCC_C_LANGUAGE_STANDARD = gnu99;
				GCC_DYNAMIC_NO_PIC = NO;
				GCC_NO_COMMON_BLOCKS = YES;
				GCC_OPTIMIZATION_LEVEL = 0;
				GCC_PREPROCESSOR_DEFINITIONS = (
					"DEBUG=1",
					"$(inherited)",
				);
				GCC_WARN_64_TO_32_BIT_CONVERSION = YES;
				GCC_WARN_ABOUT_RETURN_TYPE = YES_ERROR;
				GCC_WARN_UNDECLARED_SELECTOR = YES;
				GCC_WARN_UNINITIALIZED_AUTOS = YES_AGGRESSIVE;
				GCC_WARN_UNUSED_FUNCTION = YES;
				GCC_WARN_UNUSED_VARIABLE = YES;
				IPHONEOS_DEPLOYMENT_TARGET = 10.3;
				MTL_ENABLE_DEBUG_INFO = YES;
				ONLY_ACTIVE_ARCH = YES;
				SDKROOT = iphoneos;
				SWIFT_ACTIVE_COMPILATION_CONDITIONS = DEBUG;
				SWIFT_OPTIMIZATION_LEVEL = "-Onone";
			};
			name = Debug;
		};
		8C377F1B1ED8DC9A005251A9 /* Release */ = {
			isa = XCBuildConfiguration;
			buildSettings = {
				ALWAYS_SEARCH_USER_PATHS = NO;
				CLANG_ANALYZER_NONNULL = YES;
				CLANG_ANALYZER_NUMBER_OBJECT_CONVERSION = YES_AGGRESSIVE;
				CLANG_CXX_LANGUAGE_STANDARD = "gnu++0x";
				CLANG_CXX_LIBRARY = "libc++";
				CLANG_ENABLE_MODULES = YES;
				CLANG_ENABLE_OBJC_ARC = YES;
				CLANG_WARN_BOOL_CONVERSION = YES;
				CLANG_WARN_CONSTANT_CONVERSION = YES;
				CLANG_WARN_DIRECT_OBJC_ISA_USAGE = YES_ERROR;
				CLANG_WARN_DOCUMENTATION_COMMENTS = YES;
				CLANG_WARN_EMPTY_BODY = YES;
				CLANG_WARN_ENUM_CONVERSION = YES;
				CLANG_WARN_INFINITE_RECURSION = YES;
				CLANG_WARN_INT_CONVERSION = YES;
				CLANG_WARN_OBJC_ROOT_CLASS = YES_ERROR;
				CLANG_WARN_SUSPICIOUS_MOVE = YES;
				CLANG_WARN_UNREACHABLE_CODE = YES;
				CLANG_WARN__DUPLICATE_METHOD_MATCH = YES;
				"CODE_SIGN_IDENTITY[sdk=iphoneos*]" = "iPhone Developer";
				COPY_PHASE_STRIP = NO;
				DEBUG_INFORMATION_FORMAT = "dwarf-with-dsym";
				ENABLE_NS_ASSERTIONS = NO;
				ENABLE_STRICT_OBJC_MSGSEND = YES;
				GCC_C_LANGUAGE_STANDARD = gnu99;
				GCC_NO_COMMON_BLOCKS = YES;
				GCC_WARN_64_TO_32_BIT_CONVERSION = YES;
				GCC_WARN_ABOUT_RETURN_TYPE = YES_ERROR;
				GCC_WARN_UNDECLARED_SELECTOR = YES;
				GCC_WARN_UNINITIALIZED_AUTOS = YES_AGGRESSIVE;
				GCC_WARN_UNUSED_FUNCTION = YES;
				GCC_WARN_UNUSED_VARIABLE = YES;
				IPHONEOS_DEPLOYMENT_TARGET = 10.3;
				MTL_ENABLE_DEBUG_INFO = NO;
				SDKROOT = iphoneos;
				SWIFT_OPTIMIZATION_LEVEL = "-Owholemodule";
				VALIDATE_PRODUCT = YES;
			};
			name = Release;
		};
		8C377F1D1ED8DC9A005251A9 /* Debug */ = {
			isa = XCBuildConfiguration;
			buildSettings = {
				ALWAYS_EMBED_SWIFT_STANDARD_LIBRARIES = YES;
				ASSETCATALOG_COMPILER_APPICON_NAME = AppIcon;
				CLANG_ENABLE_MODULES = YES;
				"CODE_SIGN_IDENTITY[sdk=iphoneos*]" = "iPhone Developer";
				DEVELOPMENT_TEAM = Q6BCWKCPY5;
				INFOPLIST_FILE = CoJam/Info.plist;
				IPHONEOS_DEPLOYMENT_TARGET = 9.3;
				LD_RUNPATH_SEARCH_PATHS = "$(inherited) @executable_path/Frameworks";
				PRODUCT_BUNDLE_IDENTIFIER = com.audesis.cojamlistening;
				PRODUCT_NAME = "$(TARGET_NAME)";
				PROVISIONING_PROFILE_SPECIFIER = "";
				SWIFT_OBJC_BRIDGING_HEADER = "CoJam/CoJam-Bridging-Header.h";
				SWIFT_OPTIMIZATION_LEVEL = "-Onone";
				SWIFT_VERSION = 3.0;
				TARGETED_DEVICE_FAMILY = 1;
			};
			name = Debug;
		};
		8C377F1E1ED8DC9A005251A9 /* Release */ = {
			isa = XCBuildConfiguration;
			buildSettings = {
				ALWAYS_EMBED_SWIFT_STANDARD_LIBRARIES = YES;
				ASSETCATALOG_COMPILER_APPICON_NAME = AppIcon;
				CLANG_ENABLE_MODULES = YES;
				"CODE_SIGN_IDENTITY[sdk=iphoneos*]" = "iPhone Developer";
				DEVELOPMENT_TEAM = Q6BCWKCPY5;
				INFOPLIST_FILE = CoJam/Info.plist;
				IPHONEOS_DEPLOYMENT_TARGET = 9.3;
				LD_RUNPATH_SEARCH_PATHS = "$(inherited) @executable_path/Frameworks";
				PRODUCT_BUNDLE_IDENTIFIER = com.audesis.cojamlistening;
				PRODUCT_NAME = "$(TARGET_NAME)";
				PROVISIONING_PROFILE_SPECIFIER = "";
				SWIFT_OBJC_BRIDGING_HEADER = "CoJam/CoJam-Bridging-Header.h";
				SWIFT_VERSION = 3.0;
				TARGETED_DEVICE_FAMILY = 1;
			};
			name = Release;
		};
		8C377F201ED8DC9A005251A9 /* Debug */ = {
			isa = XCBuildConfiguration;
			buildSettings = {
				ALWAYS_EMBED_SWIFT_STANDARD_LIBRARIES = YES;
				BUNDLE_LOADER = "$(TEST_HOST)";
				DEVELOPMENT_TEAM = 2WJ6DV6889;
				INFOPLIST_FILE = CoJamTests/Info.plist;
				LD_RUNPATH_SEARCH_PATHS = "$(inherited) @executable_path/Frameworks @loader_path/Frameworks";
				PRODUCT_BUNDLE_IDENTIFIER = com.audesis.CoJamTests;
				PRODUCT_NAME = "$(TARGET_NAME)";
				SWIFT_VERSION = 3.0;
				TEST_HOST = "$(BUILT_PRODUCTS_DIR)/CoJam.app/CoJam";
			};
			name = Debug;
		};
		8C377F211ED8DC9A005251A9 /* Release */ = {
			isa = XCBuildConfiguration;
			buildSettings = {
				ALWAYS_EMBED_SWIFT_STANDARD_LIBRARIES = YES;
				BUNDLE_LOADER = "$(TEST_HOST)";
				DEVELOPMENT_TEAM = 2WJ6DV6889;
				INFOPLIST_FILE = CoJamTests/Info.plist;
				LD_RUNPATH_SEARCH_PATHS = "$(inherited) @executable_path/Frameworks @loader_path/Frameworks";
				PRODUCT_BUNDLE_IDENTIFIER = com.audesis.CoJamTests;
				PRODUCT_NAME = "$(TARGET_NAME)";
				SWIFT_VERSION = 3.0;
				TEST_HOST = "$(BUILT_PRODUCTS_DIR)/CoJam.app/CoJam";
			};
			name = Release;
		};
		8C377F231ED8DC9A005251A9 /* Debug */ = {
			isa = XCBuildConfiguration;
			buildSettings = {
				ALWAYS_EMBED_SWIFT_STANDARD_LIBRARIES = YES;
				DEVELOPMENT_TEAM = 2WJ6DV6889;
				INFOPLIST_FILE = CoJamUITests/Info.plist;
				LD_RUNPATH_SEARCH_PATHS = "$(inherited) @executable_path/Frameworks @loader_path/Frameworks";
				PRODUCT_BUNDLE_IDENTIFIER = com.audesis.CoJamUITests;
				PRODUCT_NAME = "$(TARGET_NAME)";
				SWIFT_VERSION = 3.0;
				TEST_TARGET_NAME = CoJam;
			};
			name = Debug;
		};
		8C377F241ED8DC9A005251A9 /* Release */ = {
			isa = XCBuildConfiguration;
			buildSettings = {
				ALWAYS_EMBED_SWIFT_STANDARD_LIBRARIES = YES;
				DEVELOPMENT_TEAM = 2WJ6DV6889;
				INFOPLIST_FILE = CoJamUITests/Info.plist;
				LD_RUNPATH_SEARCH_PATHS = "$(inherited) @executable_path/Frameworks @loader_path/Frameworks";
				PRODUCT_BUNDLE_IDENTIFIER = com.audesis.CoJamUITests;
				PRODUCT_NAME = "$(TARGET_NAME)";
				SWIFT_VERSION = 3.0;
				TEST_TARGET_NAME = CoJam;
			};
			name = Release;
		};
		8C6EB67D1EE4D38A00A0910D /* Debug */ = {
			isa = XCBuildConfiguration;
			buildSettings = {
				CLANG_ENABLE_MODULES = YES;
				DEVELOPMENT_TEAM = Q6BCWKCPY5;
				INFOPLIST_FILE = CoJamWidget/Info.plist;
				LD_RUNPATH_SEARCH_PATHS = "$(inherited) @executable_path/Frameworks @executable_path/../../Frameworks";
				NEW_SETTING = "";
				PRODUCT_BUNDLE_IDENTIFIER = com.audesis.cojamlistening.CoJamWidget;
				PRODUCT_NAME = "$(TARGET_NAME)";
				SKIP_INSTALL = YES;
				SWIFT_OBJC_BRIDGING_HEADER = "CoJamWidget/CoJamWidget-Bridging-Header.h";
				SWIFT_OPTIMIZATION_LEVEL = "-Onone";
				SWIFT_VERSION = 3.0;
			};
			name = Debug;
		};
		8C6EB67E1EE4D38A00A0910D /* Release */ = {
			isa = XCBuildConfiguration;
			buildSettings = {
				CLANG_ENABLE_MODULES = YES;
				DEVELOPMENT_TEAM = Q6BCWKCPY5;
				INFOPLIST_FILE = CoJamWidget/Info.plist;
				LD_RUNPATH_SEARCH_PATHS = "$(inherited) @executable_path/Frameworks @executable_path/../../Frameworks";
				NEW_SETTING = "";
				PRODUCT_BUNDLE_IDENTIFIER = com.audesis.cojamlistening.CoJamWidget;
				PRODUCT_NAME = "$(TARGET_NAME)";
				SKIP_INSTALL = YES;
				SWIFT_OBJC_BRIDGING_HEADER = "CoJamWidget/CoJamWidget-Bridging-Header.h";
				SWIFT_VERSION = 3.0;
			};
			name = Release;
		};
/* End XCBuildConfiguration section */

/* Begin XCConfigurationList section */
		8C377EEF1ED8DC9A005251A9 /* Build configuration list for PBXProject "CoJam" */ = {
			isa = XCConfigurationList;
			buildConfigurations = (
				8C377F1A1ED8DC9A005251A9 /* Debug */,
				8C377F1B1ED8DC9A005251A9 /* Release */,
			);
			defaultConfigurationIsVisible = 0;
			defaultConfigurationName = Release;
		};
		8C377F1C1ED8DC9A005251A9 /* Build configuration list for PBXNativeTarget "CoJam" */ = {
			isa = XCConfigurationList;
			buildConfigurations = (
				8C377F1D1ED8DC9A005251A9 /* Debug */,
				8C377F1E1ED8DC9A005251A9 /* Release */,
			);
			defaultConfigurationIsVisible = 0;
			defaultConfigurationName = Release;
		};
		8C377F1F1ED8DC9A005251A9 /* Build configuration list for PBXNativeTarget "CoJamTests" */ = {
			isa = XCConfigurationList;
			buildConfigurations = (
				8C377F201ED8DC9A005251A9 /* Debug */,
				8C377F211ED8DC9A005251A9 /* Release */,
			);
			defaultConfigurationIsVisible = 0;
			defaultConfigurationName = Release;
		};
		8C377F221ED8DC9A005251A9 /* Build configuration list for PBXNativeTarget "CoJamUITests" */ = {
			isa = XCConfigurationList;
			buildConfigurations = (
				8C377F231ED8DC9A005251A9 /* Debug */,
				8C377F241ED8DC9A005251A9 /* Release */,
			);
			defaultConfigurationIsVisible = 0;
			defaultConfigurationName = Release;
		};
		8C6EB67F1EE4D38A00A0910D /* Build configuration list for PBXNativeTarget "CoJamWidget" */ = {
			isa = XCConfigurationList;
			buildConfigurations = (
				8C6EB67D1EE4D38A00A0910D /* Debug */,
				8C6EB67E1EE4D38A00A0910D /* Release */,
			);
			defaultConfigurationIsVisible = 0;
			defaultConfigurationName = Release;
		};
/* End XCConfigurationList section */
	};
	rootObject = 8C377EEC1ED8DC9A005251A9 /* Project object */;
}
